
Microsoft Visual Studio Solution File, Format Version 12.00
# Visual Studio Version 17
VisualStudioVersion = 17.10.35122.118
MinimumVisualStudioVersion = 10.0.40219.1
Project("{9A19103F-16F7-4668-BE54-9A1E7A4F7556}") = "Demo", "Demo\Demo.csproj", "{085E75F8-5445-458C-876E-11E77A5552F1}"
EndProject
Project("{FAE04EC0-301F-11D3-BF4B-00C04F79EFBC}") = "BLL", "BLL\BLL.csproj", "{E6FBB005-785F-4223-B9FA-4A3C8E8A9C58}"
EndProject
Project("{FAE04EC0-301F-11D3-BF4B-00C04F79EFBC}") = "DAL", "DAL\DAL.csproj", "{6C17A9C6-C6FD-4F27-B25F-CE39150A4AE3}"
EndProject
Global
	GlobalSection(SolutionConfigurationPlatforms) = preSolution
		Debug|Any CPU = Debug|Any CPU
		Release|Any CPU = Release|Any CPU
	EndGlobalSection
	GlobalSection(ProjectConfigurationPlatforms) = postSolution
		{085E75F8-5445-458C-876E-11E77A5552F1}.Debug|Any CPU.ActiveCfg = Debug|Any CPU
		{085E75F8-5445-458C-876E-11E77A5552F1}.Debug|Any CPU.Build.0 = Debug|Any CPU
		{085E75F8-5445-458C-876E-11E77A5552F1}.Release|Any CPU.ActiveCfg = Release|Any CPU
		{085E75F8-5445-458C-876E-11E77A5552F1}.Release|Any CPU.Build.0 = Release|Any CPU
		{E6FBB005-785F-4223-B9FA-4A3C8E8A9C58}.Debug|Any CPU.ActiveCfg = Debug|Any CPU
		{E6FBB005-785F-4223-B9FA-4A3C8E8A9C58}.Debug|Any CPU.Build.0 = Debug|Any CPU
		{E6FBB005-785F-4223-B9FA-4A3C8E8A9C58}.Release|Any CPU.ActiveCfg = Release|Any CPU
		{E6FBB005-785F-4223-B9FA-4A3C8E8A9C58}.Release|Any CPU.Build.0 = Release|Any CPU
		{6C17A9C6-C6FD-4F27-B25F-CE39150A4AE3}.Debug|Any CPU.ActiveCfg = Debug|Any CPU
		{6C17A9C6-C6FD-4F27-B25F-CE39150A4AE3}.Debug|Any CPU.Build.0 = Debug|Any CPU
		{6C17A9C6-C6FD-4F27-B25F-CE39150A4AE3}.Release|Any CPU.ActiveCfg = Release|Any CPU
		{6C17A9C6-C6FD-4F27-B25F-CE39150A4AE3}.Release|Any CPU.Build.0 = Release|Any CPU
	EndGlobalSection
	GlobalSection(SolutionProperties) = preSolution
		HideSolutionNode = FALSE
	EndGlobalSection
	GlobalSection(ExtensibilityGlobals) = postSolution
		SolutionGuid = {D9FD4488-7700-4414-8788-9C716D2BD089}
	EndGlobalSection
EndGlobal
